
Microsoft Visual Studio Solution File, Format Version 12.00
Project("{FAE04EC0-301F-11D3-BF4B-00C04F79EFBC}") = "TodolistCSharp", "TodolistCSharp\TodolistCSharp.csproj", "{FC686346-1445-48F5-948A-7141DEA40036}"
EndProject
Project("{2150E333-8FDC-42A3-9474-1A3956D46DE8}") = "Solution Items", "Solution Items", "{3C6DA963-4F24-4CBA-B5DA-B5E51A2B1957}"
	ProjectSection(SolutionItems) = preProject
		compose.yaml = compose.yaml
	EndProjectSection
EndProject
Global
	GlobalSection(SolutionConfigurationPlatforms) = preSolution
		Debug|Any CPU = Debug|Any CPU
		Release|Any CPU = Release|Any CPU
	EndGlobalSection
	GlobalSection(ProjectConfigurationPlatforms) = postSolution
		{FC686346-1445-48F5-948A-7141DEA40036}.Debug|Any CPU.ActiveCfg = Debug|Any CPU
		{FC686346-1445-48F5-948A-7141DEA40036}.Debug|Any CPU.Build.0 = Debug|Any CPU
		{FC686346-1445-48F5-948A-7141DEA40036}.Release|Any CPU.ActiveCfg = Release|Any CPU
		{FC686346-1445-48F5-948A-7141DEA40036}.Release|Any CPU.Build.0 = Release|Any CPU
	EndGlobalSection
EndGlobal
